
Microsoft Visual Studio Solution File, Format Version 12.00
# Visual Studio Version 16
VisualStudioVersion = 16.0.31424.327
MinimumVisualStudioVersion = 10.0.40219.1
Project("{FAE04EC0-301F-11D3-BF4B-00C04F79EFBC}") = "UserService", "UserService\UserService.csproj", "{EC5FF81E-2586-46F6-A9F7-C20DFDA3172F}"
EndProject
Project("{FAE04EC0-301F-11D3-BF4B-00C04F79EFBC}") = "PostService", "PostService\PostService.csproj", "{A3235F9E-1B4F-4390-8EC6-94C8B58C86FE}"
EndProject
Project("{FAE04EC0-301F-11D3-BF4B-00C04F79EFBC}") = "APIGetway", "APIGetway\APIGetway.csproj", "{8AB1A88E-9930-4426-A031-EC4C96B5F225}"
EndProject
Global
	GlobalSection(SolutionConfigurationPlatforms) = preSolution
		Debug|Any CPU = Debug|Any CPU
		Release|Any CPU = Release|Any CPU
	EndGlobalSection
	GlobalSection(ProjectConfigurationPlatforms) = postSolution
		{EC5FF81E-2586-46F6-A9F7-C20DFDA3172F}.Debug|Any CPU.ActiveCfg = Debug|Any CPU
		{EC5FF81E-2586-46F6-A9F7-C20DFDA3172F}.Debug|Any CPU.Build.0 = Debug|Any CPU
		{EC5FF81E-2586-46F6-A9F7-C20DFDA3172F}.Release|Any CPU.ActiveCfg = Release|Any CPU
		{EC5FF81E-2586-46F6-A9F7-C20DFDA3172F}.Release|Any CPU.Build.0 = Release|Any CPU
		{A3235F9E-1B4F-4390-8EC6-94C8B58C86FE}.Debug|Any CPU.ActiveCfg = Debug|Any CPU
		{A3235F9E-1B4F-4390-8EC6-94C8B58C86FE}.Debug|Any CPU.Build.0 = Debug|Any CPU
		{A3235F9E-1B4F-4390-8EC6-94C8B58C86FE}.Release|Any CPU.ActiveCfg = Release|Any CPU
		{A3235F9E-1B4F-4390-8EC6-94C8B58C86FE}.Release|Any CPU.Build.0 = Release|Any CPU
		{8AB1A88E-9930-4426-A031-EC4C96B5F225}.Debug|Any CPU.ActiveCfg = Debug|Any CPU
		{8AB1A88E-9930-4426-A031-EC4C96B5F225}.Debug|Any CPU.Build.0 = Debug|Any CPU
		{8AB1A88E-9930-4426-A031-EC4C96B5F225}.Release|Any CPU.ActiveCfg = Release|Any CPU
		{8AB1A88E-9930-4426-A031-EC4C96B5F225}.Release|Any CPU.Build.0 = Release|Any CPU
	EndGlobalSection
	GlobalSection(SolutionProperties) = preSolution
		HideSolutionNode = FALSE
	EndGlobalSection
	GlobalSection(ExtensibilityGlobals) = postSolution
		SolutionGuid = {492BFDDC-1B49-49AA-B5B9-C00836B35314}
	EndGlobalSection
EndGlobal
